<?xml version="1.0" encoding="utf-8"?>
<Project DefaultTargets="Build" ToolsVersion="4.0" xmlns="http://schemas.microsoft.com/developer/msbuild/2003">
  <PropertyGroup>
    <Configuration Condition=" '$(Configuration)' == '' ">Debug</Configuration>
    <Platform Condition=" '$(Platform)' == '' ">AnyCPU</Platform>
    <ProductVersion>10.0.0</ProductVersion>
    <SchemaVersion>2.0</SchemaVersion>
    <ProjectGuid>{5E97499B-7F52-4782-A472-814AC4A1DBD5}</ProjectGuid>
    <UseDefaultCompiler>True</UseDefaultCompiler>
    <IncrementalLinking>True</IncrementalLinking>
    <PreferOneStepBuild>True</PreferOneStepBuild>
    <Compiler>DMD2</Compiler>
    <BaseDirectory>..\src</BaseDirectory>
  </PropertyGroup>
  <PropertyGroup Condition=" '$(Configuration)|$(Platform)' == 'Debug|AnyCPU' ">
    <DebugSymbols>True</DebugSymbols>
    <OutputPath>bin\Debug</OutputPath>
    <UnittestMode>False</UnittestMode>
    <ObjectsDirectory>obj/Debug</ObjectsDirectory>
    <DebugLevel>0</DebugLevel>
    <Externalconsole>True</Externalconsole>
    <Target>Executable</Target>
    <OutputName>../../../data/dquick-sample</OutputName>
    <ExtraCompilerArguments>-J../src/dquick/renderer2D/openGL</ExtraCompilerArguments>
  </PropertyGroup>
  <PropertyGroup Condition=" '$(Configuration)|$(Platform)' == 'Release|AnyCPU' ">
    <OutputPath>bin\Release</OutputPath>
    <UnittestMode>False</UnittestMode>
    <ObjectsDirectory>obj/Release</ObjectsDirectory>
    <DebugLevel>0</DebugLevel>
    <Externalconsole>True</Externalconsole>
    <Target>Executable</Target>
    <OutputName>../../../data/dquick-sample</OutputName>
    <ExtraCompilerArguments>-J../src/dquick/renderer2D/openGL</ExtraCompilerArguments>
  </PropertyGroup>
  <PropertyGroup Condition=" '$(Configuration)|$(Platform)' == 'Unittest|AnyCPU' ">
    <DebugSymbols>True</DebugSymbols>
    <OutputPath>bin\Unittest</OutputPath>
    <UnittestMode>True</UnittestMode>
    <ObjectsDirectory>obj/Unittest</ObjectsDirectory>
    <DebugLevel>0</DebugLevel>
    <Externalconsole>True</Externalconsole>
    <Target>Executable</Target>
    <OutputName>../../../data/dquick-sample</OutputName>
    <ExtraCompilerArguments>-J../src/dquick/renderer2D/openGL</ExtraCompilerArguments>
  </PropertyGroup>
  <ItemGroup>
    <Compile Include="..\src\dquick\system\guiApplication.d">
      <Link>dquick\system\guiApplication.d</Link>
    </Compile>
    <Compile Include="..\src\dquick\system\window.d">
      <Link>dquick\system\window.d</Link>
    </Compile>
    <Compile Include="..\src\samples\images\main.d">
      <Link>samples\images\main.d</Link>
    </Compile>
    <Compile Include="..\src\dquick\etc\derelict\import\derelict\freetype\ft.d">
      <Link>dquick\etc\derelict\freetype\ft.d</Link>
    </Compile>
    <Compile Include="..\src\dquick\etc\derelict\import\derelict\freetype\functions.d">
      <Link>dquick\etc\derelict\freetype\functions.d</Link>
    </Compile>
    <Compile Include="..\src\dquick\etc\derelict\import\derelict\freetype\types.d">
      <Link>dquick\etc\derelict\freetype\types.d</Link>
    </Compile>
    <Compile Include="..\src\dquick\etc\derelict\import\derelict\lua\functions.d">
      <Link>dquick\etc\derelict\lua\functions.d</Link>
    </Compile>
    <Compile Include="..\src\dquick\etc\derelict\import\derelict\lua\lua.d">
      <Link>dquick\etc\derelict\lua\lua.d</Link>
    </Compile>
    <Compile Include="..\src\dquick\etc\derelict\import\derelict\lua\macros.d">
      <Link>dquick\etc\derelict\lua\macros.d</Link>
    </Compile>
    <Compile Include="..\src\dquick\etc\derelict\import\derelict\lua\types.d">
      <Link>dquick\etc\derelict\lua\types.d</Link>
    </Compile>
    <Compile Include="..\src\dquick\etc\derelict\import\derelict\ogg\ogg.d">
      <Link>dquick\etc\derelict\ogg\ogg.d</Link>
    </Compile>
    <Compile Include="..\src\dquick\etc\derelict\import\derelict\ogg\oggfunctions.d">
      <Link>dquick\etc\derelict\ogg\oggfunctions.d</Link>
    </Compile>
    <Compile Include="..\src\dquick\etc\derelict\import\derelict\ogg\oggtypes.d">
      <Link>dquick\etc\derelict\ogg\oggtypes.d</Link>
    </Compile>
    <Compile Include="..\src\dquick\etc\derelict\import\derelict\ogg\vorbis.d">
      <Link>dquick\etc\derelict\ogg\vorbis.d</Link>
    </Compile>
    <Compile Include="..\src\dquick\etc\derelict\import\derelict\ogg\vorbisenc.d">
      <Link>dquick\etc\derelict\ogg\vorbisenc.d</Link>
    </Compile>
    <Compile Include="..\src\dquick\etc\derelict\import\derelict\ogg\vorbisencfunctions.d">
      <Link>dquick\etc\derelict\ogg\vorbisencfunctions.d</Link>
    </Compile>
    <Compile Include="..\src\dquick\etc\derelict\import\derelict\ogg\vorbisenctypes.d">
      <Link>dquick\etc\derelict\ogg\vorbisenctypes.d</Link>
    </Compile>
    <Compile Include="..\src\dquick\etc\derelict\import\derelict\ogg\vorbisfile.d">
      <Link>dquick\etc\derelict\ogg\vorbisfile.d</Link>
    </Compile>
    <Compile Include="..\src\dquick\etc\derelict\import\derelict\ogg\vorbisfilefunctions.d">
      <Link>dquick\etc\derelict\ogg\vorbisfilefunctions.d</Link>
    </Compile>
    <Compile Include="..\src\dquick\etc\derelict\import\derelict\ogg\vorbisfiletypes.d">
      <Link>dquick\etc\derelict\ogg\vorbisfiletypes.d</Link>
    </Compile>
    <Compile Include="..\src\dquick\etc\derelict\import\derelict\ogg\vorbisfunctions.d">
      <Link>dquick\etc\derelict\ogg\vorbisfunctions.d</Link>
    </Compile>
    <Compile Include="..\src\dquick\etc\derelict\import\derelict\ogg\vorbistypes.d">
      <Link>dquick\etc\derelict\ogg\vorbistypes.d</Link>
    </Compile>
    <Compile Include="..\src\dquick\etc\derelict\import\derelict\openal\al.d">
      <Link>dquick\etc\derelict\openal\al.d</Link>
    </Compile>
    <Compile Include="..\src\dquick\etc\derelict\import\derelict\openal\functions.d">
      <Link>dquick\etc\derelict\openal\functions.d</Link>
    </Compile>
    <Compile Include="..\src\dquick\etc\derelict\import\derelict\openal\types.d">
      <Link>dquick\etc\derelict\openal\types.d</Link>
    </Compile>
    <Compile Include="..\src\dquick\etc\derelict\import\derelict\opengl3\arb.d">
      <Link>dquick\etc\derelict\opengl3\arb.d</Link>
    </Compile>
    <Compile Include="..\src\dquick\etc\derelict\import\derelict\opengl3\cgl.d">
      <Link>dquick\etc\derelict\opengl3\cgl.d</Link>
    </Compile>
    <Compile Include="..\src\dquick\etc\derelict\import\derelict\opengl3\constants.d">
      <Link>dquick\etc\derelict\opengl3\constants.d</Link>
    </Compile>
    <Compile Include="..\src\dquick\etc\derelict\import\derelict\opengl3\deprecatedConstants.d">
      <Link>dquick\etc\derelict\opengl3\deprecatedConstants.d</Link>
    </Compile>
    <Compile Include="..\src\dquick\etc\derelict\import\derelict\opengl3\deprecatedFunctions.d">
      <Link>dquick\etc\derelict\opengl3\deprecatedFunctions.d</Link>
    </Compile>
    <Compile Include="..\src\dquick\etc\derelict\import\derelict\opengl3\ext.d">
      <Link>dquick\etc\derelict\opengl3\ext.d</Link>
    </Compile>
    <Compile Include="..\src\dquick\etc\derelict\import\derelict\opengl3\functions.d">
      <Link>dquick\etc\derelict\opengl3\functions.d</Link>
    </Compile>
    <Compile Include="..\src\dquick\etc\derelict\import\derelict\opengl3\gl.d">
      <Link>dquick\etc\derelict\opengl3\gl.d</Link>
    </Compile>
    <Compile Include="..\src\dquick\etc\derelict\import\derelict\opengl3\gl3.d">
      <Link>dquick\etc\derelict\opengl3\gl3.d</Link>
    </Compile>
    <Compile Include="..\src\dquick\etc\derelict\import\derelict\opengl3\glx.d">
      <Link>dquick\etc\derelict\opengl3\glx.d</Link>
    </Compile>
    <Compile Include="..\src\dquick\etc\derelict\import\derelict\opengl3\internal.d">
      <Link>dquick\etc\derelict\opengl3\internal.d</Link>
    </Compile>
    <Compile Include="..\src\dquick\etc\derelict\import\derelict\opengl3\types.d">
      <Link>dquick\etc\derelict\opengl3\types.d</Link>
    </Compile>
    <Compile Include="..\src\dquick\etc\derelict\import\derelict\opengl3\wgl.d">
      <Link>dquick\etc\derelict\opengl3\wgl.d</Link>
    </Compile>
    <Compile Include="..\src\dquick\etc\derelict\import\derelict\util\exception.d">
      <Link>dquick\etc\derelict\util\exception.d</Link>
    </Compile>
    <Compile Include="..\src\dquick\etc\derelict\import\derelict\util\loader.d">
      <Link>dquick\etc\derelict\util\loader.d</Link>
    </Compile>
    <Compile Include="..\src\dquick\etc\derelict\import\derelict\util\sharedlib.d">
      <Link>dquick\etc\derelict\util\sharedlib.d</Link>
    </Compile>
    <Compile Include="..\src\dquick\etc\derelict\import\derelict\util\system.d">
      <Link>dquick\etc\derelict\util\system.d</Link>
    </Compile>
    <Compile Include="..\src\dquick\etc\derelict\import\derelict\util\wintypes.d">
      <Link>dquick\etc\derelict\util\wintypes.d</Link>
    </Compile>
    <Compile Include="..\src\dquick\etc\derelict\import\derelict\util\xtypes.d">
      <Link>dquick\etc\derelict\util\xtypes.d</Link>
    </Compile>
    <Compile Include="..\src\dquick\etc\derelict\import\derelict\sdl2\functions.d">
      <Link>dquick\etc\derelict\sdl2\functions.d</Link>
    </Compile>
    <Compile Include="..\src\dquick\etc\derelict\import\derelict\sdl2\image.d">
      <Link>dquick\etc\derelict\sdl2\image.d</Link>
    </Compile>
    <Compile Include="..\src\dquick\etc\derelict\import\derelict\sdl2\mixer.d">
      <Link>dquick\etc\derelict\sdl2\mixer.d</Link>
    </Compile>
    <Compile Include="..\src\dquick\etc\derelict\import\derelict\sdl2\sdl.d">
      <Link>dquick\etc\derelict\sdl2\sdl.d</Link>
    </Compile>
    <Compile Include="..\src\dquick\etc\derelict\import\derelict\sdl2\ttf.d">
      <Link>dquick\etc\derelict\sdl2\ttf.d</Link>
    </Compile>
    <Compile Include="..\src\dquick\etc\derelict\import\derelict\sdl2\types.d">
      <Link>dquick\etc\derelict\sdl2\types.d</Link>
    </Compile>
    <Compile Include="..\src\dquick\media\image.d">
      <Link>dquick\media\image.d</Link>
    </Compile>
    <Compile Include="..\src\dquick\system\dynamicLibrary.d">
      <Link>dquick\system\dynamicLibrary.d</Link>
    </Compile>
    <Compile Include="..\src\dquick\system\sdl\guiApplicationSDL.d">
      <Link>dquick\system\sdl\guiApplicationSDL.d</Link>
    </Compile>
    <Compile Include="..\src\dquick\system\sdl\openglContextSDL.d">
      <Link>dquick\system\sdl\openglContextSDL.d</Link>
    </Compile>
    <Compile Include="..\src\dquick\maths\color.d">
      <Link>dquick\maths\color.d</Link>
    </Compile>
    <Compile Include="..\src\dquick\maths\vector2f32.d">
      <Link>dquick\maths\vector2f32.d</Link>
    </Compile>
    <Compile Include="..\src\dquick\maths\vector3f32.d">
      <Link>dquick\maths\vector3f32.d</Link>
    </Compile>
    <Compile Include="..\src\dquick\etc\gl3n\gl3n\aabb.d">
      <Link>dquick\etc\gl3n\aabb.d</Link>
    </Compile>
    <Compile Include="..\src\dquick\etc\gl3n\gl3n\frustum.d">
      <Link>dquick\etc\gl3n\frustum.d</Link>
    </Compile>
    <Compile Include="..\src\dquick\etc\gl3n\gl3n\interpolate.d">
      <Link>dquick\etc\gl3n\interpolate.d</Link>
    </Compile>
    <Compile Include="..\src\dquick\etc\gl3n\gl3n\linalg.d">
      <Link>dquick\etc\gl3n\linalg.d</Link>
    </Compile>
    <Compile Include="..\src\dquick\etc\gl3n\gl3n\math.d">
      <Link>dquick\etc\gl3n\math.d</Link>
    </Compile>
    <Compile Include="..\src\dquick\etc\gl3n\gl3n\plane.d">
      <Link>dquick\etc\gl3n\plane.d</Link>
    </Compile>
    <Compile Include="..\src\dquick\etc\gl3n\gl3n\util.d">
      <Link>dquick\etc\gl3n\util.d</Link>
    </Compile>
    <Compile Include="..\src\dquick\etc\gl3n\gl3n\color\hsv.d">
      <Link>dquick\etc\gl3n\color\hsv.d</Link>
    </Compile>
    <Compile Include="..\src\dquick\etc\gl3n\gl3n\ext\matrixstack.d">
      <Link>dquick\etc\gl3n\ext\matrixstack.d</Link>
    </Compile>
    <Compile Include="..\src\dquick\maths\vector2s32.d">
      <Link>dquick\maths\vector2s32.d</Link>
    </Compile>
    <Compile Include="..\src\dquick\maths\transformation.d" />
    <Compile Include="..\src\dquick\maths\matrix4x4.d" />
    <Compile Include="..\src\dquick\maths\quaternion.d" />
    <Compile Include="..\src\dquick\events\mouseEvent.d" />
    <Compile Include="..\src\dquick\maths\vector4f32.d" />
    <Compile Include="..\src\dquick\utils\resourceManager.d" />
    <Compile Include="..\src\dquick\renderer3D\openGL\VBO.d" />
    <Compile Include="..\src\dquick\renderer3D\openGL\material.d" />
    <Compile Include="..\src\dquick\renderer3D\openGL\mesh.d" />
    <Compile Include="..\src\dquick\renderer3D\openGL\renderer.d" />
    <Compile Include="..\src\dquick\renderer3D\openGL\shader.d" />
    <Compile Include="..\src\dquick\renderer3D\openGL\shaderProgram.d" />
    <Compile Include="..\src\dquick\renderer3D\openGL\texture.d" />
    <Compile Include="..\src\dquick\renderer3D\openGL\util.d" />
    <Compile Include="..\src\dquick\item\boderImageItem.d" />
    <Compile Include="..\src\dquick\item\declarativeItem.d" />
    <Compile Include="..\src\dquick\item\graphicItem.d" />
    <Compile Include="..\src\dquick\item\imageItem.d" />
    <Compile Include="..\src\dquick\item\mouseAreaItem.d" />
    <Compile Include="..\src\dquick\item\windowItem.d" />
    <Compile Include="..\src\dquick\renderer2D\openGL\borderRectangleShader.d">
      <Link>dquick\renderer2D\renderer2D\openGL\borderRectangleShader.d</Link>
    </Compile>
    <Compile Include="..\src\dquick\renderer2D\openGL\borderRectangleVertices.d">
      <Link>dquick\renderer2D\renderer2D\openGL\borderRectangleVertices.d</Link>
    </Compile>
    <Compile Include="..\src\dquick\renderer2D\openGL\rectangle.d">
      <Link>dquick\renderer2D\renderer2D\openGL\rectangle.d</Link>
    </Compile>
    <Compile Include="..\src\dquick\script\dmlEngine.d" />
    <Compile Include="..\src\dquick\script\iItemBinding.d" />
    <Compile Include="..\src\dquick\script\itemBinding.d" />
    <Compile Include="..\src\dquick\script\nativePropertyBinding.d" />
    <Compile Include="..\src\dquick\script\propertyBinding.d" />
    <Compile Include="..\src\dquick\script\utils.d" />
    <Compile Include="..\src\dquick\script\virtualPropertyBinding.d" />
    <Compile Include="..\src\dquick\media\font.d" />
    <Compile Include="..\src\dquick\media\geometry.d" />
    <Compile Include="..\src\dquick\algorithms\atlas.d" />
    <Compile Include="..\src\dquick\algorithms\textToGeometry.d" />
    <Compile Include="..\src\dquick\item\textItem.d" />
    <Compile Include="..\src\dquick\system\win32\guiApplicationWin32.d" />
    <Compile Include="..\src\dquick\system\win32\openglContextWin32.d" />
    <Compile Include="..\src\dquick\maths\rect2s32.d" />
    <Compile Include="..\src\dquick\item\scrollViewItem.d" />
    <Compile Include="..\src\dquick\system\linux\fontconfig\fontconfig.d" />
    <Compile Include="..\src\dquick\system\linux\fontconfig\functions.d" />
    <Compile Include="..\src\dquick\system\linux\fontconfig\types.d" />
  </ItemGroup>
  <ItemGroup>
    <Folder Include="dquick\" />
    <Folder Include="samples\" />
    <Folder Include="dquick\etc\derelict\" />
    <Folder Include="dquick\etc\derelict\sdl2\" />
    <Folder Include="media\" />
    <Folder Include="dquick\system\sdl\" />
    <Folder Include="..\src\dquick\maths\" />
    <Folder Include="..\src\dquick\etc\gl3n\" />
    <Folder Include="..\src\dquick\script\" />
    <Folder Include="..\src\dquick\events\" />
    <Folder Include="..\src\dquick\utils\" />
    <Folder Include="..\src\dquick\renderer3D\" />
    <Folder Include="..\src\dquick\renderer2D\" />
    <Folder Include="..\src\dquick\item\" />
    <Folder Include="..\src\samples\dml\" />
    <Folder Include="..\src\dquick\renderer2D\renderer2D\" />
    <Folder Include="..\src\dquick\media\" />
    <Folder Include="..\src\dquick\algorithms\" />
    <Folder Include="..\src\dquick\system\win32\" />
    <Folder Include="..\src\dquick\system\linux\" />
  </ItemGroup>
  <ItemGroup>
    <None Include="..\src\dquick\system\dMain.def">
      <Link>dquick\system\dMain.def</Link>
    </None>
    <None Include="..\data\dquick\shaders\rectangle.vert">
      <Link>resources\dquick\shaders\rectangle.vert</Link>
    </None>
    <None Include="..\data\dquick\shaders\rectangle.frag">
      <Link>resources\dquick\shaders\rectangle.frag</Link>
    </None>
    <None Include="..\data\dml\button.lua">
      <Link>samples\dml\button.lua</Link>
    </None>
    <None Include="..\data\dml\image.lua">
      <Link>samples\dml\image.lua</Link>
    </None>
    <None Include="..\data\dml\items.lua">
      <Link>samples\dml\items.lua</Link>
    </None>
    <None Include="..\data\dml\transformations.lua">
      <Link>samples\dml\transformations.lua</Link>
    </None>
  </ItemGroup>
</Project>
