<?xml version="1.0" encoding="utf-8"?>
<Project DefaultTargets="Build" ToolsVersion="4.0" xmlns="http://schemas.microsoft.com/developer/msbuild/2003">
  <PropertyGroup>
    <Configuration Condition=" '$(Configuration)' == '' ">Debug</Configuration>
    <Platform Condition=" '$(Platform)' == '' ">AnyCPU</Platform>
    <ProductVersion>10.0.0</ProductVersion>
    <SchemaVersion>2.0</SchemaVersion>
    <ProjectGuid>{CC275E80-4F9B-48F0-A63A-CB34D6303E9F}</ProjectGuid>
    <UseDefaultCompiler>True</UseDefaultCompiler>
    <IncrementalLinking>True</IncrementalLinking>
    <PreferOneStepBuild>True</PreferOneStepBuild>
    <Compiler>DMD2</Compiler>
    <BaseDirectory>..\src</BaseDirectory>
    <DependentProjectIds>
      <DependentProjectIds>
        <String>{99F08BF3-3D40-437A-A878-F0330413FA87}</String>
      </DependentProjectIds>
    </DependentProjectIds>
    <Includes>
      <Includes>
        <Path>../src</Path>
        <Path>../src/dquick/etc/derelict/import</Path>
        <Path>../src/dquick/etc/gl3n</Path>
      </Includes>
    </Includes>
  </PropertyGroup>
  <PropertyGroup Condition=" '$(Configuration)|$(Platform)' == 'Debug|AnyCPU' ">
    <DebugSymbols>True</DebugSymbols>
    <OutputPath>bin\Debug</OutputPath>
    <UnittestMode>False</UnittestMode>
    <ObjectsDirectory>obj/Debug</ObjectsDirectory>
    <DebugLevel>0</DebugLevel>
    <Externalconsole>True</Externalconsole>
    <Target>Executable</Target>
    <OutputName>../../../data/dquick-sample</OutputName>
    <LinkinThirdPartyLibraries>false</LinkinThirdPartyLibraries>
  </PropertyGroup>
  <PropertyGroup Condition=" '$(Configuration)|$(Platform)' == 'Release|AnyCPU' ">
    <OutputPath>bin\Release</OutputPath>
    <UnittestMode>False</UnittestMode>
    <ObjectsDirectory>obj/Release</ObjectsDirectory>
    <DebugLevel>0</DebugLevel>
    <Externalconsole>True</Externalconsole>
    <Target>Executable</Target>
    <OutputName>../../../data/Scheduler</OutputName>
    <LinkinThirdPartyLibraries>false</LinkinThirdPartyLibraries>
  </PropertyGroup>
  <ItemGroup>
    <Compile Include="..\src\samples\scheduler\main.d">
      <Link>main.d</Link>
    </Compile>
  </ItemGroup>
</Project>
